// !$*UTF8*$!
{
	archiveVersion = 1;
	classes = {
	};
	objectVersion = 46;
	objects = {

/* Begin PBXBuildFile section */
		9B0454CB1C0CAE28006115D5 /* AppDelegate.swift in Sources */ = {isa = PBXBuildFile; fileRef = 9B0454CA1C0CAE28006115D5 /* AppDelegate.swift */; };
		9B0454CD1C0CAE28006115D5 /* ViewController.swift in Sources */ = {isa = PBXBuildFile; fileRef = 9B0454CC1C0CAE28006115D5 /* ViewController.swift */; };
		9B0454D01C0CAE28006115D5 /* Main.storyboard in Resources */ = {isa = PBXBuildFile; fileRef = 9B0454CE1C0CAE28006115D5 /* Main.storyboard */; };
		9B0454D21C0CAE28006115D5 /* Assets.xcassets in Resources */ = {isa = PBXBuildFile; fileRef = 9B0454D11C0CAE28006115D5 /* Assets.xcassets */; };
		9B0454D51C0CAE28006115D5 /* LaunchScreen.storyboard in Resources */ = {isa = PBXBuildFile; fileRef = 9B0454D31C0CAE28006115D5 /* LaunchScreen.storyboard */; };
		9B0454DE1C0D059E006115D5 /* Bolts.framework in Frameworks */ = {isa = PBXBuildFile; fileRef = 9B0454DC1C0D059E006115D5 /* Bolts.framework */; };
		9B0454DF1C0D059E006115D5 /* Parse.framework in Frameworks */ = {isa = PBXBuildFile; fileRef = 9B0454DD1C0D059E006115D5 /* Parse.framework */; };
		9B0454E11C0D0622006115D5 /* AudioToolbox.framework in Frameworks */ = {isa = PBXBuildFile; fileRef = 9B0454E01C0D0622006115D5 /* AudioToolbox.framework */; };
		9B0454E31C0D0634006115D5 /* CFNetwork.framework in Frameworks */ = {isa = PBXBuildFile; fileRef = 9B0454E21C0D0634006115D5 /* CFNetwork.framework */; };
		9B0454E51C0D0761006115D5 /* CoreGraphics.framework in Frameworks */ = {isa = PBXBuildFile; fileRef = 9B0454E41C0D0761006115D5 /* CoreGraphics.framework */; };
		9B0454E71C0D0773006115D5 /* CoreLocation.framework in Frameworks */ = {isa = PBXBuildFile; fileRef = 9B0454E61C0D0773006115D5 /* CoreLocation.framework */; };
		9B0454E91C0D07B5006115D5 /* MobileCoreServices.framework in Frameworks */ = {isa = PBXBuildFile; fileRef = 9B0454E81C0D07B5006115D5 /* MobileCoreServices.framework */; };
		9B0454EB1C0D07C5006115D5 /* QuartzCore.framework in Frameworks */ = {isa = PBXBuildFile; fileRef = 9B0454EA1C0D07C5006115D5 /* QuartzCore.framework */; };
		9B0454ED1C0D07D8006115D5 /* Security.framework in Frameworks */ = {isa = PBXBuildFile; fileRef = 9B0454EC1C0D07D8006115D5 /* Security.framework */; };
		9B0454EF1C0D07E3006115D5 /* StoreKit.framework in Frameworks */ = {isa = PBXBuildFile; fileRef = 9B0454EE1C0D07E3006115D5 /* StoreKit.framework */; };
		9B0454F11C0D0842006115D5 /* SystemConfiguration.framework in Frameworks */ = {isa = PBXBuildFile; fileRef = 9B0454F01C0D0842006115D5 /* SystemConfiguration.framework */; };
		9B0454F31C0D085C006115D5 /* libz.tbd in Frameworks */ = {isa = PBXBuildFile; fileRef = 9B0454F21C0D085C006115D5 /* libz.tbd */; };
		9B0454F51C0D087C006115D5 /* libsqlite3.tbd in Frameworks */ = {isa = PBXBuildFile; fileRef = 9B0454F41C0D087C006115D5 /* libsqlite3.tbd */; };
		9B0454F71C0D089A006115D5 /* Accounts.framework in Frameworks */ = {isa = PBXBuildFile; fileRef = 9B0454F61C0D089A006115D5 /* Accounts.framework */; };
		9B0454F91C0D08A1006115D5 /* Social.framework in Frameworks */ = {isa = PBXBuildFile; fileRef = 9B0454F81C0D08A1006115D5 /* Social.framework */; };
		9B0454FE1C0D402F006115D5 /* SignUpViewController.swift in Sources */ = {isa = PBXBuildFile; fileRef = 9B0454FD1C0D402F006115D5 /* SignUpViewController.swift */; };
/* End PBXBuildFile section */

/* Begin PBXFileReference section */
		9B0454C71C0CAE28006115D5 /* parseSignIn.app */ = {isa = PBXFileReference; explicitFileType = wrapper.application; includeInIndex = 0; path = parseSignIn.app; sourceTree = BUILT_PRODUCTS_DIR; };
		9B0454CA1C0CAE28006115D5 /* AppDelegate.swift */ = {isa = PBXFileReference; lastKnownFileType = sourcecode.swift; path = AppDelegate.swift; sourceTree = "<group>"; };
		9B0454CC1C0CAE28006115D5 /* ViewController.swift */ = {isa = PBXFileReference; lastKnownFileType = sourcecode.swift; path = ViewController.swift; sourceTree = "<group>"; };
		9B0454CF1C0CAE28006115D5 /* Base */ = {isa = PBXFileReference; lastKnownFileType = file.storyboard; name = Base; path = Base.lproj/Main.storyboard; sourceTree = "<group>"; };
		9B0454D11C0CAE28006115D5 /* Assets.xcassets */ = {isa = PBXFileReference; lastKnownFileType = folder.assetcatalog; path = Assets.xcassets; sourceTree = "<group>"; };
		9B0454D41C0CAE28006115D5 /* Base */ = {isa = PBXFileReference; lastKnownFileType = file.storyboard; name = Base; path = Base.lproj/LaunchScreen.storyboard; sourceTree = "<group>"; };
		9B0454D61C0CAE28006115D5 /* Info.plist */ = {isa = PBXFileReference; lastKnownFileType = text.plist.xml; path = Info.plist; sourceTree = "<group>"; };
		9B0454DC1C0D059E006115D5 /* Bolts.framework */ = {isa = PBXFileReference; lastKnownFileType = wrapper.framework; name = Bolts.framework; path = "parse-library-1.10.0/Bolts.framework"; sourceTree = "<group>"; };
		9B0454DD1C0D059E006115D5 /* Parse.framework */ = {isa = PBXFileReference; lastKnownFileType = wrapper.framework; name = Parse.framework; path = "parse-library-1.10.0/Parse.framework"; sourceTree = "<group>"; };
		9B0454E01C0D0622006115D5 /* AudioToolbox.framework */ = {isa = PBXFileReference; lastKnownFileType = wrapper.framework; name = AudioToolbox.framework; path = System/Library/Frameworks/AudioToolbox.framework; sourceTree = SDKROOT; };
		9B0454E21C0D0634006115D5 /* CFNetwork.framework */ = {isa = PBXFileReference; lastKnownFileType = wrapper.framework; name = CFNetwork.framework; path = System/Library/Frameworks/CFNetwork.framework; sourceTree = SDKROOT; };
		9B0454E41C0D0761006115D5 /* CoreGraphics.framework */ = {isa = PBXFileReference; lastKnownFileType = wrapper.framework; name = CoreGraphics.framework; path = System/Library/Frameworks/CoreGraphics.framework; sourceTree = SDKROOT; };
		9B0454E61C0D0773006115D5 /* CoreLocation.framework */ = {isa = PBXFileReference; lastKnownFileType = wrapper.framework; name = CoreLocation.framework; path = System/Library/Frameworks/CoreLocation.framework; sourceTree = SDKROOT; };
		9B0454E81C0D07B5006115D5 /* MobileCoreServices.framework */ = {isa = PBXFileReference; lastKnownFileType = wrapper.framework; name = MobileCoreServices.framework; path = System/Library/Frameworks/MobileCoreServices.framework; sourceTree = SDKROOT; };
		9B0454EA1C0D07C5006115D5 /* QuartzCore.framework */ = {isa = PBXFileReference; lastKnownFileType = wrapper.framework; name = QuartzCore.framework; path = System/Library/Frameworks/QuartzCore.framework; sourceTree = SDKROOT; };
		9B0454EC1C0D07D8006115D5 /* Security.framework */ = {isa = PBXFileReference; lastKnownFileType = wrapper.framework; name = Security.framework; path = System/Library/Frameworks/Security.framework; sourceTree = SDKROOT; };
		9B0454EE1C0D07E3006115D5 /* StoreKit.framework */ = {isa = PBXFileReference; lastKnownFileType = wrapper.framework; name = StoreKit.framework; path = System/Library/Frameworks/StoreKit.framework; sourceTree = SDKROOT; };
		9B0454F01C0D0842006115D5 /* SystemConfiguration.framework */ = {isa = PBXFileReference; lastKnownFileType = wrapper.framework; name = SystemConfiguration.framework; path = System/Library/Frameworks/SystemConfiguration.framework; sourceTree = SDKROOT; };
		9B0454F21C0D085C006115D5 /* libz.tbd */ = {isa = PBXFileReference; lastKnownFileType = "sourcecode.text-based-dylib-definition"; name = libz.tbd; path = usr/lib/libz.tbd; sourceTree = SDKROOT; };
		9B0454F41C0D087C006115D5 /* libsqlite3.tbd */ = {isa = PBXFileReference; lastKnownFileType = "sourcecode.text-based-dylib-definition"; name = libsqlite3.tbd; path = usr/lib/libsqlite3.tbd; sourceTree = SDKROOT; };
		9B0454F61C0D089A006115D5 /* Accounts.framework */ = {isa = PBXFileReference; lastKnownFileType = wrapper.framework; name = Accounts.framework; path = System/Library/Frameworks/Accounts.framework; sourceTree = SDKROOT; };
		9B0454F81C0D08A1006115D5 /* Social.framework */ = {isa = PBXFileReference; lastKnownFileType = wrapper.framework; name = Social.framework; path = System/Library/Frameworks/Social.framework; sourceTree = SDKROOT; };
		9B0454FD1C0D402F006115D5 /* SignUpViewController.swift */ = {isa = PBXFileReference; fileEncoding = 4; lastKnownFileType = sourcecode.swift; path = SignUpViewController.swift; sourceTree = "<group>"; };
/* End PBXFileReference section */

/* Begin PBXFrameworksBuildPhase section */
		9B0454C41C0CAE28006115D5 /* Frameworks */ = {
			isa = PBXFrameworksBuildPhase;
			buildActionMask = 2147483647;
			files = (
				9B0454F91C0D08A1006115D5 /* Social.framework in Frameworks */,
				9B0454F71C0D089A006115D5 /* Accounts.framework in Frameworks */,
				9B0454F51C0D087C006115D5 /* libsqlite3.tbd in Frameworks */,
				9B0454F31C0D085C006115D5 /* libz.tbd in Frameworks */,
				9B0454F11C0D0842006115D5 /* SystemConfiguration.framework in Frameworks */,
				9B0454EF1C0D07E3006115D5 /* StoreKit.framework in Frameworks */,
				9B0454ED1C0D07D8006115D5 /* Security.framework in Frameworks */,
				9B0454EB1C0D07C5006115D5 /* QuartzCore.framework in Frameworks */,
				9B0454E91C0D07B5006115D5 /* MobileCoreServices.framework in Frameworks */,
				9B0454E71C0D0773006115D5 /* CoreLocation.framework in Frameworks */,
				9B0454E51C0D0761006115D5 /* CoreGraphics.framework in Frameworks */,
				9B0454E31C0D0634006115D5 /* CFNetwork.framework in Frameworks */,
				9B0454E11C0D0622006115D5 /* AudioToolbox.framework in Frameworks */,
				9B0454DF1C0D059E006115D5 /* Parse.framework in Frameworks */,
				9B0454DE1C0D059E006115D5 /* Bolts.framework in Frameworks */,
			);
			runOnlyForDeploymentPostprocessing = 0;
		};
/* End PBXFrameworksBuildPhase section */

/* Begin PBXGroup section */
		9B0454BE1C0CAE28006115D5 = {
			isa = PBXGroup;
			children = (
				9B0454FA1C0D0A49006115D5 /* Frameworks */,
				9B0454C91C0CAE28006115D5 /* parseSignIn */,
				9B0454C81C0CAE28006115D5 /* Products */,
			);
			sourceTree = "<group>";
		};
		9B0454C81C0CAE28006115D5 /* Products */ = {
			isa = PBXGroup;
			children = (
				9B0454C71C0CAE28006115D5 /* parseSignIn.app */,
			);
			name = Products;
			sourceTree = "<group>";
		};
		9B0454C91C0CAE28006115D5 /* parseSignIn */ = {
			isa = PBXGroup;
			children = (
				9B0454CA1C0CAE28006115D5 /* AppDelegate.swift */,
				9B0454CC1C0CAE28006115D5 /* ViewController.swift */,
				9B0454CE1C0CAE28006115D5 /* Main.storyboard */,
				9B0454D11C0CAE28006115D5 /* Assets.xcassets */,
				9B0454D31C0CAE28006115D5 /* LaunchScreen.storyboard */,
				9B0454D61C0CAE28006115D5 /* Info.plist */,
				9B0454FD1C0D402F006115D5 /* SignUpViewController.swift */,
			);
			path = parseSignIn;
			sourceTree = "<group>";
		};
		9B0454FA1C0D0A49006115D5 /* Frameworks */ = {
			isa = PBXGroup;
			children = (
				9B0454F81C0D08A1006115D5 /* Social.framework */,
				9B0454F61C0D089A006115D5 /* Accounts.framework */,
				9B0454F41C0D087C006115D5 /* libsqlite3.tbd */,
				9B0454F21C0D085C006115D5 /* libz.tbd */,
				9B0454F01C0D0842006115D5 /* SystemConfiguration.framework */,
				9B0454EE1C0D07E3006115D5 /* StoreKit.framework */,
				9B0454EC1C0D07D8006115D5 /* Security.framework */,
				9B0454EA1C0D07C5006115D5 /* QuartzCore.framework */,
				9B0454E81C0D07B5006115D5 /* MobileCoreServices.framework */,
				9B0454E61C0D0773006115D5 /* CoreLocation.framework */,
				9B0454E41C0D0761006115D5 /* CoreGraphics.framework */,
				9B0454E21C0D0634006115D5 /* CFNetwork.framework */,
				9B0454E01C0D0622006115D5 /* AudioToolbox.framework */,
				9B0454DC1C0D059E006115D5 /* Bolts.framework */,
				9B0454DD1C0D059E006115D5 /* Parse.framework */,
			);
			name = Frameworks;
			sourceTree = "<group>";
		};
/* End PBXGroup section */

/* Begin PBXNativeTarget section */
		9B0454C61C0CAE28006115D5 /* parseSignIn */ = {
			isa = PBXNativeTarget;
			buildConfigurationList = 9B0454D91C0CAE28006115D5 /* Build configuration list for PBXNativeTarget "parseSignIn" */;
			buildPhases = (
				9B0454C31C0CAE28006115D5 /* Sources */,
				9B0454C41C0CAE28006115D5 /* Frameworks */,
				9B0454C51C0CAE28006115D5 /* Resources */,
			);
			buildRules = (
			);
			dependencies = (
			);
			name = parseSignIn;
			productName = parseSignIn;
			productReference = 9B0454C71C0CAE28006115D5 /* parseSignIn.app */;
			productType = "com.apple.product-type.application";
		};
/* End PBXNativeTarget section */

/* Begin PBXProject section */
		9B0454BF1C0CAE28006115D5 /* Project object */ = {
			isa = PBXProject;
			attributes = {
				LastSwiftUpdateCheck = 0710;
				LastUpgradeCheck = 0710;
				ORGANIZATIONNAME = "ROHIT GUPTA";
				TargetAttributes = {
					9B0454C61C0CAE28006115D5 = {
						CreatedOnToolsVersion = 7.1.1;
					};
				};
			};
			buildConfigurationList = 9B0454C21C0CAE28006115D5 /* Build configuration list for PBXProject "parseSignIn" */;
			compatibilityVersion = "Xcode 3.2";
			developmentRegion = English;
			hasScannedForEncodings = 0;
			knownRegions = (
				en,
				Base,
			);
			mainGroup = 9B0454BE1C0CAE28006115D5;
			productRefGroup = 9B0454C81C0CAE28006115D5 /* Products */;
			projectDirPath = "";
			projectRoot = "";
			targets = (
				9B0454C61C0CAE28006115D5 /* parseSignIn */,
			);
		};
/* End PBXProject section */

/* Begin PBXResourcesBuildPhase section */
		9B0454C51C0CAE28006115D5 /* Resources */ = {
			isa = PBXResourcesBuildPhase;
			buildActionMask = 2147483647;
			files = (
				9B0454D51C0CAE28006115D5 /* LaunchScreen.storyboard in Resources */,
				9B0454D21C0CAE28006115D5 /* Assets.xcassets in Resources */,
				9B0454D01C0CAE28006115D5 /* Main.storyboard in Resources */,
			);
			runOnlyForDeploymentPostprocessing = 0;
		};
/* End PBXResourcesBuildPhase section */

/* Begin PBXSourcesBuildPhase section */
		9B0454C31C0CAE28006115D5 /* Sources */ = {
			isa = PBXSourcesBuildPhase;
			buildActionMask = 2147483647;
			files = (
				9B0454FE1C0D402F006115D5 /* SignUpViewController.swift in Sources */,
				9B0454CD1C0CAE28006115D5 /* ViewController.swift in Sources */,
				9B0454CB1C0CAE28006115D5 /* AppDelegate.swift in Sources */,
			);
			runOnlyForDeploymentPostprocessing = 0;
		};
/* End PBXSourcesBuildPhase section */

/* Begin PBXVariantGroup section */
		9B0454CE1C0CAE28006115D5 /* Main.storyboard */ = {
			isa = PBXVariantGroup;
			children = (
				9B0454CF1C0CAE28006115D5 /* Base */,
			);
			name = Main.storyboard;
			sourceTree = "<group>";
		};
		9B0454D31C0CAE28006115D5 /* LaunchScreen.storyboard */ = {
			isa = PBXVariantGroup;
			children = (
				9B0454D41C0CAE28006115D5 /* Base */,
			);
			name = LaunchScreen.storyboard;
			sourceTree = "<group>";
		};
/* End PBXVariantGroup section */

/* Begin XCBuildConfiguration section */
		9B0454D71C0CAE28006115D5 /* Debug */ = {
			isa = XCBuildConfiguration;
			buildSettings = {
				ALWAYS_SEARCH_USER_PATHS = NO;
				CLANG_CXX_LANGUAGE_STANDARD = "gnu++0x";
				CLANG_CXX_LIBRARY = "libc++";
				CLANG_ENABLE_MODULES = YES;
				CLANG_ENABLE_OBJC_ARC = YES;
				CLANG_WARN_BOOL_CONVERSION = YES;
				CLANG_WARN_CONSTANT_CONVERSION = YES;
				CLANG_WARN_DIRECT_OBJC_ISA_USAGE = YES_ERROR;
				CLANG_WARN_EMPTY_BODY = YES;
				CLANG_WARN_ENUM_CONVERSION = YES;
				CLANG_WARN_INT_CONVERSION = YES;
				CLANG_WARN_OBJC_ROOT_CLASS = YES_ERROR;
				CLANG_WARN_UNREACHABLE_CODE = YES;
				CLANG_WARN__DUPLICATE_METHOD_MATCH = YES;
				"CODE_SIGN_IDENTITY[sdk=iphoneos*]" = "iPhone Developer";
				COPY_PHASE_STRIP = NO;
				DEBUG_INFORMATION_FORMAT = dwarf;
				ENABLE_STRICT_OBJC_MSGSEND = YES;
				ENABLE_TESTABILITY = YES;
				GCC_C_LANGUAGE_STANDARD = gnu99;
				GCC_DYNAMIC_NO_PIC = NO;
				GCC_NO_COMMON_BLOCKS = YES;
				GCC_OPTIMIZATION_LEVEL = 0;
				GCC_PREPROCESSOR_DEFINITIONS = (
					"DEBUG=1",
					"$(inherited)",
				);
				GCC_WARN_64_TO_32_BIT_CONVERSION = YES;
				GCC_WARN_ABOUT_RETURN_TYPE = YES_ERROR;
				GCC_WARN_UNDECLARED_SELECTOR = YES;
				GCC_WARN_UNINITIALIZED_AUTOS = YES_AGGRESSIVE;
				GCC_WARN_UNUSED_FUNCTION = YES;
				GCC_WARN_UNUSED_VARIABLE = YES;
				IPHONEOS_DEPLOYMENT_TARGET = 9.1;
				MTL_ENABLE_DEBUG_INFO = YES;
				ONLY_ACTIVE_ARCH = YES;
				SDKROOT = iphoneos;
				SWIFT_OPTIMIZATION_LEVEL = "-Onone";
			};
			name = Debug;
		};
		9B0454D81C0CAE28006115D5 /* Release */ = {
			isa = XCBuildConfiguration;
			buildSettings = {
				ALWAYS_SEARCH_USER_PATHS = NO;
				CLANG_CXX_LANGUAGE_STANDARD = "gnu++0x";
				CLANG_CXX_LIBRARY = "libc++";
				CLANG_ENABLE_MODULES = YES;
				CLANG_ENABLE_OBJC_ARC = YES;
				CLANG_WARN_BOOL_CONVERSION = YES;
				CLANG_WARN_CONSTANT_CONVERSION = YES;
				CLANG_WARN_DIRECT_OBJC_ISA_USAGE = YES_ERROR;
				CLANG_WARN_EMPTY_BODY = YES;
				CLANG_WARN_ENUM_CONVERSION = YES;
				CLANG_WARN_INT_CONVERSION = YES;
				CLANG_WARN_OBJC_ROOT_CLASS = YES_ERROR;
				CLANG_WARN_UNREACHABLE_CODE = YES;
				CLANG_WARN__DUPLICATE_METHOD_MATCH = YES;
				"CODE_SIGN_IDENTITY[sdk=iphoneos*]" = "iPhone Developer";
				COPY_PHASE_STRIP = NO;
				DEBUG_INFORMATION_FORMAT = "dwarf-with-dsym";
				ENABLE_NS_ASSERTIONS = NO;
				ENABLE_STRICT_OBJC_MSGSEND = YES;
				GCC_C_LANGUAGE_STANDARD = gnu99;
				GCC_NO_COMMON_BLOCKS = YES;
				GCC_WARN_64_TO_32_BIT_CONVERSION = YES;
				GCC_WARN_ABOUT_RETURN_TYPE = YES_ERROR;
				GCC_WARN_UNDECLARED_SELECTOR = YES;
				GCC_WARN_UNINITIALIZED_AUTOS = YES_AGGRESSIVE;
				GCC_WARN_UNUSED_FUNCTION = YES;
				GCC_WARN_UNUSED_VARIABLE = YES;
				IPHONEOS_DEPLOYMENT_TARGET = 9.1;
				MTL_ENABLE_DEBUG_INFO = NO;
				SDKROOT = iphoneos;
				VALIDATE_PRODUCT = YES;
			};
			name = Release;
		};
		9B0454DA1C0CAE28006115D5 /* Debug */ = {
			isa = XCBuildConfiguration;
			buildSettings = {
				ASSETCATALOG_COMPILER_APPICON_NAME = AppIcon;
				FRAMEWORK_SEARCH_PATHS = (
					"$(inherited)",
					"$(PROJECT_DIR)/parse-library-1.10.0",
				);
				INFOPLIST_FILE = parseSignIn/Info.plist;
				LD_RUNPATH_SEARCH_PATHS = "$(inherited) @executable_path/Frameworks";
				PRODUCT_BUNDLE_IDENTIFIER = com.rohit.gupta.parseSignIn;
				PRODUCT_NAME = "$(TARGET_NAME)";
			};
			name = Debug;
		};
		9B0454DB1C0CAE28006115D5 /* Release */ = {
			isa = XCBuildConfiguration;
			buildSettings = {
				ASSETCATALOG_COMPILER_APPICON_NAME = AppIcon;
				FRAMEWORK_SEARCH_PATHS = (
					"$(inherited)",
					"$(PROJECT_DIR)/parse-library-1.10.0",
				);
				INFOPLIST_FILE = parseSignIn/Info.plist;
				LD_RUNPATH_SEARCH_PATHS = "$(inherited) @executable_path/Frameworks";
				PRODUCT_BUNDLE_IDENTIFIER = com.rohit.gupta.parseSignIn;
				PRODUCT_NAME = "$(TARGET_NAME)";
			};
			name = Release;
		};
/* End XCBuildConfiguration section */

/* Begin XCConfigurationList section */
		9B0454C21C0CAE28006115D5 /* Build configuration list for PBXProject "parseSignIn" */ = {
			isa = XCConfigurationList;
			buildConfigurations = (
				9B0454D71C0CAE28006115D5 /* Debug */,
				9B0454D81C0CAE28006115D5 /* Release */,
			);
			defaultConfigurationIsVisible = 0;
			defaultConfigurationName = Release;
		};
		9B0454D91C0CAE28006115D5 /* Build configuration list for PBXNativeTarget "parseSignIn" */ = {
			isa = XCConfigurationList;
			buildConfigurations = (
				9B0454DA1C0CAE28006115D5 /* Debug */,
				9B0454DB1C0CAE28006115D5 /* Release */,
			);
			defaultConfigurationIsVisible = 0;
		};
/* End XCConfigurationList section */
	};
	rootObject = 9B0454BF1C0CAE28006115D5 /* Project object */;
}
